# THIS IS AN AUTOGENERATED FILE. DO NOT EDIT THIS FILE DIRECTLY.
# yarn lockfile v1


"@casper2020/casper-overlay-behavior@^1.x":
  version "1.0.0"
  resolved "https://registry.yarnpkg.com/@casper2020/casper-overlay-behavior/-/casper-overlay-behavior-1.0.0.tgz#a436b62700631fbbca0e72afa6d97859058813a7"
  integrity sha512-mSzHjid+pMGdmEsWpuWPrKnglEtinqLIEeun/PBkWLMZBveewrcS7vbyVryUd8G5OiIHLW0DRW42De4GgnO5Uw==
  dependencies:
    "@polymer/iron-overlay-behavior" "^3.x"

"@polymer/iron-a11y-keys-behavior@^3.0.0-pre.26":
  version "3.0.1"
  resolved "https://registry.yarnpkg.com/@polymer/iron-a11y-keys-behavior/-/iron-a11y-keys-behavior-3.0.1.tgz#2868ea72912d2007ffab4734684a91f5aac49b84"
  integrity sha512-lnrjKq3ysbBPT/74l0Fj0U9H9C35Tpw2C/tpJ8a+5g8Y3YJs1WSZYnEl1yOkw6sEyaxOq/1DkzH0+60gGu5/PQ==
  dependencies:
    "@polymer/polymer" "^3.0.0"

"@polymer/iron-fit-behavior@^3.0.0-pre.26":
  version "3.0.2"
  resolved "https://registry.yarnpkg.com/@polymer/iron-fit-behavior/-/iron-fit-behavior-3.0.2.tgz#2ec460d8a6b0151394b55631a72a68b92e14e2e0"
  integrity sha512-JndryJYbBR3gSN5IlST4rCHsd01+OyvYpRO6z5Zd3C6u5V/m07TwAtcf3aXwZ8WBNt2eLG28OcvdSO7XR2v2pg==
  dependencies:
    "@polymer/polymer" "^3.0.0"

"@polymer/iron-overlay-behavior@^3.x":
  version "3.0.3"
  resolved "https://registry.yarnpkg.com/@polymer/iron-overlay-behavior/-/iron-overlay-behavior-3.0.3.tgz#29c198e19e05bb2bcf7d86d3c11848cb93301d00"
  integrity sha512-Q/Fp0+uOQQ145ebZ7T8Cxl4m1tUKYjyymkjcL2rXUm+aDQGb1wA1M1LYxUF5YBqd+9lipE0PTIiYwA2ZL/sznA==
  dependencies:
    "@polymer/iron-a11y-keys-behavior" "^3.0.0-pre.26"
    "@polymer/iron-fit-behavior" "^3.0.0-pre.26"
    "@polymer/iron-resizable-behavior" "^3.0.0-pre.26"
    "@polymer/polymer" "^3.0.0"

"@polymer/iron-resizable-behavior@^3.0.0-pre.26":
  version "3.0.1"
  resolved "https://registry.yarnpkg.com/@polymer/iron-resizable-behavior/-/iron-resizable-behavior-3.0.1.tgz#e284348ed7c1c7e263f7039297532fa954025ea2"
  integrity sha512-FyHxRxFspVoRaeZSWpT3y0C9awomb4tXXolIJcZ7RvXhMP632V5lez+ch5G5SwK0LpnAPkg35eB0LPMFv+YMMQ==
  dependencies:
    "@polymer/polymer" "^3.0.0"

"@polymer/polymer@^3.0.0":
  version "3.3.1"
  resolved "https://registry.yarnpkg.com/@polymer/polymer/-/polymer-3.3.1.tgz#9ad48992d2a96775f80b0673f3a615d6df8a3dfc"
  integrity sha512-8KaB48tzyMjdsHdxo5KvCAaqmTe7rYDzQAoj/pyEfq9Fp4YfUaS+/xqwYj0GbiDAUNzwkmEQ7dw9cgnRNdKO8A==
  dependencies:
    "@webcomponents/shadycss" "^1.9.1"

"@webcomponents/shadycss@^1.9.1":
  version "1.9.3"
  resolved "https://registry.yarnpkg.com/@webcomponents/shadycss/-/shadycss-1.9.3.tgz#74ee4be13f5374724aecb3d2c2de77523e01ada9"
  integrity sha512-fRuET+UGrH84hG0UF4iHbFqWZKUoan4/ki+iCOJ/vnKltPSHv/ZVbcA6sT/pRreznt8aKEGqN2KdHvgRxn4xjA==
